PODS:
  - connectivity (0.0.1):
    - Flutter
    - Reachability
  - Flutter (1.0.0)
  - geocoder (0.0.1):
    - Flutter
  - geolocator (6.2.0):
    - Flutter
  - location (0.0.1):
    - Flutter
  - Mapbox-iOS-SDK (5.6.1):
    - MapboxMobileEvents (= 0.10.2)
  - mapbox_gl (0.0.1):
    - Flutter
    - Mapbox-iOS-SDK (~> 5.6.0)
    - MapboxAnnotationExtension (~> 0.0.1-beta.1)
  - MapboxAnnotationExtension (0.0.1-beta.1):
    - Mapbox-iOS-SDK (~> 5.2)
  - MapboxMobileEvents (0.10.2)
  - md5_plugin (0.0.1):
    - Flutter
  - NMSSH (2.3.1)
  - path_provider (0.0.1):
    - Flutter
  - Reachability (3.2)
  - receive_sharing_intent (0.0.1):
    - Flutter
  - ssh (0.0.7):
    - Flutter
    - NMSSH

DEPENDENCIES:
  - connectivity (from `.symlinks/plugins/connectivity/ios`)
  - Flutter (from `Flutter`)
  - geocoder (from `.symlinks/plugins/geocoder/ios`)
  - geolocator (from `.symlinks/plugins/geolocator/ios`)
  - location (from `.symlinks/plugins/location/ios`)
  - mapbox_gl (from `.symlinks/plugins/mapbox_gl/ios`)
  - md5_plugin (from `.symlinks/plugins/md5_plugin/ios`)
  - path_provider (from `.symlinks/plugins/path_provider/ios`)
  - receive_sharing_intent (from `.symlinks/plugins/receive_sharing_intent/ios`)
  - ssh (from `.symlinks/plugins/ssh/ios`)

SPEC REPOS:
  trunk:
    - Mapbox-iOS-SDK
    - MapboxAnnotationExtension
    - MapboxMobileEvents
    - NMSSH
    - Reachability

EXTERNAL SOURCES:
  connectivity:
    :path: ".symlinks/plugins/connectivity/ios"
  Flutter:
    :path: Flutter
  geocoder:
    :path: ".symlinks/plugins/geocoder/ios"
  geolocator:
    :path: ".symlinks/plugins/geolocator/ios"
  location:
    :path: ".symlinks/plugins/location/ios"
  mapbox_gl:
    :path: ".symlinks/plugins/mapbox_gl/ios"
  md5_plugin:
    :path: ".symlinks/plugins/md5_plugin/ios"
  path_provider:
    :path: ".symlinks/plugins/path_provider/ios"
  receive_sharing_intent:
    :path: ".symlinks/plugins/receive_sharing_intent/ios"
  ssh:
    :path: ".symlinks/plugins/ssh/ios"

SPEC CHECKSUMS:
  connectivity: c4130b2985d4ef6fd26f9702e886bd5260681467
  Flutter: 434fef37c0980e73bb6479ef766c45957d4b510c
  geocoder: 3cfab70531a0b367e917bafe82df4c30f6d4c45a
  geolocator: f5e3de65e241caba7ce3e8a618803387bda73384
  location: 3a2eed4dd2fab25e7b7baf2a9efefe82b512d740
  Mapbox-iOS-SDK: b31bd62a5dd5b7e688eab787acd3d093a122f4d6
  mapbox_gl: 48d261b93d7dfc2367c2f93b493ea8f43df5ba96
  MapboxAnnotationExtension: d66de5561562c9d940153c0135725e671407b781
  MapboxMobileEvents: 2bc0ca2eedb627b73cf403258dce2b2fa98074a6
  md5_plugin: 59289a455a610eb5f84828eae82be8dd79ae817d
  NMSSH: cd689ae535a1581a6dd9fd4600ff71247df510a6
  path_provider: abfe2b5c733d04e238b0d8691db0cfd63a27a93c
  Reachability: 33e18b67625424e47b6cde6d202dce689ad7af96
  receive_sharing_intent: c0d87310754e74c0f9542947e7cbdf3a0335a3b1
  ssh: ab4d3c3430b97acae3f396432952d6bf502c40c6

PODFILE CHECKSUM: 08a75f215f13a96bfc959e3ce1d3bca8d6170765

COCOAPODS: 1.10.1
